dependencies:
  common-utils:
    component_hash: ddb678e28246f13f945473070ad4e0ddabcf9f4a65fd7b7900ece5b417b96b01
    dependencies: []
    source:
      git: https://github.com/repvi/common-utils.git
      path: .
      type: git
    version: fea57ec5927f166b29665e57b458000309eccc89
  idf:
    source:
      type: idf
    version: 5.4.0
direct_dependencies:
- common-utils
manifest_hash: 386810ef1cc5b30855ec8fcdfc894110203156d7d48e5e5497eccb34a1cb453d
target: esp32
version: 2.0.0
